// !$*UTF8*$!
{
	archiveVersion = 1;
	classes = {
	};
	objectVersion = 56;
	objects = {

/* Begin PBXBuildFile section */
		16E3F0712B791C9B00ACB6B8 /* AppDelegate.swift in Sources */ = {isa = PBXBuildFile; fileRef = 16E3F0702B791C9B00ACB6B8 /* AppDelegate.swift */; };
		16E3F0732B791C9B00ACB6B8 /* SceneDelegate.swift in Sources */ = {isa = PBXBuildFile; fileRef = 16E3F0722B791C9B00ACB6B8 /* SceneDelegate.swift */; };
		16E3F07D2B791C9C00ACB6B8 /* LaunchScreen.storyboard in Resources */ = {isa = PBXBuildFile; fileRef = 16E3F07B2B791C9C00ACB6B8 /* LaunchScreen.storyboard */; };
		16E3F0922B791C9D00ACB6B8 /* CryptoPriceUITests.swift in Sources */ = {isa = PBXBuildFile; fileRef = 16E3F0912B791C9D00ACB6B8 /* CryptoPriceUITests.swift */; };
		16E3F0942B791C9D00ACB6B8 /* CryptoPriceUITestsLaunchTests.swift in Sources */ = {isa = PBXBuildFile; fileRef = 16E3F0932B791C9D00ACB6B8 /* CryptoPriceUITestsLaunchTests.swift */; };
		16E3F0A52B791DD400ACB6B8 /* HomeCoordinator.swift in Sources */ = {isa = PBXBuildFile; fileRef = 16E3F0A32B791DD400ACB6B8 /* HomeCoordinator.swift */; };
		16E3F0A62B791DD400ACB6B8 /* Coordinator.swift in Sources */ = {isa = PBXBuildFile; fileRef = 16E3F0A42B791DD400ACB6B8 /* Coordinator.swift */; };
		16E3F0B12B791DDA00ACB6B8 /* ResolverEnvironment.swift in Sources */ = {isa = PBXBuildFile; fileRef = 16E3F0A82B791DDA00ACB6B8 /* ResolverEnvironment.swift */; };
		16E3F0B22B791DDA00ACB6B8 /* CoordinatorAssembly.swift in Sources */ = {isa = PBXBuildFile; fileRef = 16E3F0AA2B791DDA00ACB6B8 /* CoordinatorAssembly.swift */; };
		16E3F0B32B791DDA00ACB6B8 /* DependencyManager.swift in Sources */ = {isa = PBXBuildFile; fileRef = 16E3F0AB2B791DDA00ACB6B8 /* DependencyManager.swift */; };
		16E3F0B42B791DDA00ACB6B8 /* ModuleAssembly.swift in Sources */ = {isa = PBXBuildFile; fileRef = 16E3F0AD2B791DDA00ACB6B8 /* ModuleAssembly.swift */; };
		16E3F0B52B791DDA00ACB6B8 /* ServiceAssembly.swift in Sources */ = {isa = PBXBuildFile; fileRef = 16E3F0AF2B791DDA00ACB6B8 /* ServiceAssembly.swift */; };
		16E3F0B62B791DDA00ACB6B8 /* NetworkAssembly.swift in Sources */ = {isa = PBXBuildFile; fileRef = 16E3F0B02B791DDA00ACB6B8 /* NetworkAssembly.swift */; };
		16E3F0BB2B791DE100ACB6B8 /* String+Extensions.swift in Sources */ = {isa = PBXBuildFile; fileRef = 16E3F0B82B791DE100ACB6B8 /* String+Extensions.swift */; };
		16E3F0BC2B791DE100ACB6B8 /* Date+Extensions.swift in Sources */ = {isa = PBXBuildFile; fileRef = 16E3F0B92B791DE100ACB6B8 /* Date+Extensions.swift */; };
		16E3F0BD2B791DE100ACB6B8 /* Double+Extensions.swift in Sources */ = {isa = PBXBuildFile; fileRef = 16E3F0BA2B791DE100ACB6B8 /* Double+Extensions.swift */; };
		16E3F0C02B791DE800ACB6B8 /* CoinViewModelFactory.swift in Sources */ = {isa = PBXBuildFile; fileRef = 16E3F0BF2B791DE800ACB6B8 /* CoinViewModelFactory.swift */; };
		16E3F0CC2B791DEF00ACB6B8 /* AppConfiguration.swift in Sources */ = {isa = PBXBuildFile; fileRef = 16E3F0C32B791DEF00ACB6B8 /* AppConfiguration.swift */; };
		16E3F0CD2B791DEF00ACB6B8 /* Features.swift in Sources */ = {isa = PBXBuildFile; fileRef = 16E3F0C42B791DEF00ACB6B8 /* Features.swift */; };
		16E3F0CE2B791DEF00ACB6B8 /* ClientError.swift in Sources */ = {isa = PBXBuildFile; fileRef = 16E3F0C52B791DEF00ACB6B8 /* ClientError.swift */; };
		16E3F0CF2B791DEF00ACB6B8 /* StateModel.swift in Sources */ = {isa = PBXBuildFile; fileRef = 16E3F0C62B791DEF00ACB6B8 /* StateModel.swift */; };
		16E3F0D02B791DEF00ACB6B8 /* DomainResult.swift in Sources */ = {isa = PBXBuildFile; fileRef = 16E3F0C72B791DEF00ACB6B8 /* DomainResult.swift */; };
		16E3F0D12B791DEF00ACB6B8 /* CoinModel.swift in Sources */ = {isa = PBXBuildFile; fileRef = 16E3F0C92B791DEF00ACB6B8 /* CoinModel.swift */; };
		16E3F0D22B791DEF00ACB6B8 /* StatisticModel.swift in Sources */ = {isa = PBXBuildFile; fileRef = 16E3F0CA2B791DEF00ACB6B8 /* StatisticModel.swift */; };
		16E3F0D32B791DEF00ACB6B8 /* CoinDetailModel.swift in Sources */ = {isa = PBXBuildFile; fileRef = 16E3F0CB2B791DEF00ACB6B8 /* CoinDetailModel.swift */; };
		16E3F0EA2B791DF400ACB6B8 /* CoinDetailViewModel.swift in Sources */ = {isa = PBXBuildFile; fileRef = 16E3F0D72B791DF400ACB6B8 /* CoinDetailViewModel.swift */; };
		16E3F0EB2B791DF400ACB6B8 /* ChartView.swift in Sources */ = {isa = PBXBuildFile; fileRef = 16E3F0D92B791DF400ACB6B8 /* ChartView.swift */; };
		16E3F0EC2B791DF400ACB6B8 /* CoinDetailView.swift in Sources */ = {isa = PBXBuildFile; fileRef = 16E3F0DA2B791DF400ACB6B8 /* CoinDetailView.swift */; };
		16E3F0ED2B791DF400ACB6B8 /* FetchCrypoDetailUseCase.swift in Sources */ = {isa = PBXBuildFile; fileRef = 16E3F0DC2B791DF400ACB6B8 /* FetchCrypoDetailUseCase.swift */; };
		16E3F0EE2B791DF400ACB6B8 /* HomeCryptoListViewModel.swift in Sources */ = {isa = PBXBuildFile; fileRef = 16E3F0DF2B791DF400ACB6B8 /* HomeCryptoListViewModel.swift */; };
		16E3F0EF2B791DF400ACB6B8 /* CoinRowViewModel.swift in Sources */ = {isa = PBXBuildFile; fileRef = 16E3F0E12B791DF400ACB6B8 /* CoinRowViewModel.swift */; };
		16E3F0F02B791DF400ACB6B8 /* CryptoPriceAndPercentChangeView.swift in Sources */ = {isa = PBXBuildFile; fileRef = 16E3F0E42B791DF400ACB6B8 /* CryptoPriceAndPercentChangeView.swift */; };
		16E3F0F12B791DF400ACB6B8 /* CryptoLogoAndSymbolView.swift in Sources */ = {isa = PBXBuildFile; fileRef = 16E3F0E52B791DF400ACB6B8 /* CryptoLogoAndSymbolView.swift */; };
		16E3F0F22B791DF400ACB6B8 /* CoinRowView.swift in Sources */ = {isa = PBXBuildFile; fileRef = 16E3F0E62B791DF400ACB6B8 /* CoinRowView.swift */; };
		16E3F0F32B791DF400ACB6B8 /* HomeCryptoListView.swift in Sources */ = {isa = PBXBuildFile; fileRef = 16E3F0E72B791DF400ACB6B8 /* HomeCryptoListView.swift */; };
		16E3F0F42B791DF400ACB6B8 /* FetchCryptoPricesUseCase.swift in Sources */ = {isa = PBXBuildFile; fileRef = 16E3F0E92B791DF400ACB6B8 /* FetchCryptoPricesUseCase.swift */; };
		16E3F0FC2B791DFA00ACB6B8 /* HTTPClient.swift in Sources */ = {isa = PBXBuildFile; fileRef = 16E3F0F62B791DFA00ACB6B8 /* HTTPClient.swift */; };
		16E3F0FD2B791DFA00ACB6B8 /* CryptoService.swift in Sources */ = {isa = PBXBuildFile; fileRef = 16E3F0F82B791DFA00ACB6B8 /* CryptoService.swift */; };
		16E3F0FE2B791DFA00ACB6B8 /* CryptoEndPoints.swift in Sources */ = {isa = PBXBuildFile; fileRef = 16E3F0FA2B791DFA00ACB6B8 /* CryptoEndPoints.swift */; };
		16E3F0FF2B791DFA00ACB6B8 /* APIEndpoint.swift in Sources */ = {isa = PBXBuildFile; fileRef = 16E3F0FB2B791DFA00ACB6B8 /* APIEndpoint.swift */; };
		16E3F1042B791E0200ACB6B8 /* Colors.xcassets in Resources */ = {isa = PBXBuildFile; fileRef = 16E3F1012B791E0200ACB6B8 /* Colors.xcassets */; };
		16E3F1052B791E0200ACB6B8 /* Assets.xcassets in Resources */ = {isa = PBXBuildFile; fileRef = 16E3F1022B791E0200ACB6B8 /* Assets.xcassets */; };
		16E3F1062B791E0200ACB6B8 /* Color+Extensions.swift in Sources */ = {isa = PBXBuildFile; fileRef = 16E3F1032B791E0200ACB6B8 /* Color+Extensions.swift */; };
		16E3F10E2B791E0800ACB6B8 /* FetchCryptoLogoUseCase.swift in Sources */ = {isa = PBXBuildFile; fileRef = 16E3F1092B791E0800ACB6B8 /* FetchCryptoLogoUseCase.swift */; };
		16E3F10F2B791E0800ACB6B8 /* CryptoLogoView.swift in Sources */ = {isa = PBXBuildFile; fileRef = 16E3F10A2B791E0800ACB6B8 /* CryptoLogoView.swift */; };
		16E3F1102B791E0800ACB6B8 /* CryptoLogoViewModel.swift in Sources */ = {isa = PBXBuildFile; fileRef = 16E3F10B2B791E0800ACB6B8 /* CryptoLogoViewModel.swift */; };
		16E3F1112B791E0800ACB6B8 /* StatisticView.swift in Sources */ = {isa = PBXBuildFile; fileRef = 16E3F10D2B791E0800ACB6B8 /* StatisticView.swift */; };
		16E3F1182B791E0D00ACB6B8 /* LocalFileManager.swift in Sources */ = {isa = PBXBuildFile; fileRef = 16E3F1132B791E0D00ACB6B8 /* LocalFileManager.swift */; };
		16E3F1192B791E0D00ACB6B8 /* Logger.swift in Sources */ = {isa = PBXBuildFile; fileRef = 16E3F1142B791E0D00ACB6B8 /* Logger.swift */; };
		16E3F11B2B791E0D00ACB6B8 /* DeveloperPreview.swift in Sources */ = {isa = PBXBuildFile; fileRef = 16E3F1162B791E0D00ACB6B8 /* DeveloperPreview.swift */; };
		16E3F11C2B791E0D00ACB6B8 /* ErrorPopupView.swift in Sources */ = {isa = PBXBuildFile; fileRef = 16E3F1172B791E0D00ACB6B8 /* ErrorPopupView.swift */; };
		16E3F11F2B791E2B00ACB6B8 /* Swinject in Frameworks */ = {isa = PBXBuildFile; productRef = 16E3F11E2B791E2B00ACB6B8 /* Swinject */; };
		16E3F1212B791E6A00ACB6B8 /* ApplicationCoordinator.swift in Sources */ = {isa = PBXBuildFile; fileRef = 16E3F1202B791E6A00ACB6B8 /* ApplicationCoordinator.swift */; };
		16E3F1232B7926C700ACB6B8 /* CryptoLogoAndSymbolView.swift in Sources */ = {isa = PBXBuildFile; fileRef = 16E3F1222B7926C700ACB6B8 /* CryptoLogoAndSymbolView.swift */; };
		16E3F1382B792A4600ACB6B8 /* MockHTTPClient.swift in Sources */ = {isa = PBXBuildFile; fileRef = 16E3F1252B792A4600ACB6B8 /* MockHTTPClient.swift */; };
		16E3F1392B792A4600ACB6B8 /* MockFetchCryptoPricesUseCase.swift in Sources */ = {isa = PBXBuildFile; fileRef = 16E3F1272B792A4600ACB6B8 /* MockFetchCryptoPricesUseCase.swift */; };
		16E3F13A2B792A4600ACB6B8 /* MockCryptoService.swift in Sources */ = {isa = PBXBuildFile; fileRef = 16E3F1292B792A4600ACB6B8 /* MockCryptoService.swift */; };
		16E3F13B2B792A4600ACB6B8 /* crypto_price_sample.json in Resources */ = {isa = PBXBuildFile; fileRef = 16E3F12B2B792A4600ACB6B8 /* crypto_price_sample.json */; };
		16E3F13C2B792A4600ACB6B8 /* CoinModelTests.swift in Sources */ = {isa = PBXBuildFile; fileRef = 16E3F12D2B792A4600ACB6B8 /* CoinModelTests.swift */; };
		16E3F13D2B792A4600ACB6B8 /* TestUtilities.swift in Sources */ = {isa = PBXBuildFile; fileRef = 16E3F12F2B792A4600ACB6B8 /* TestUtilities.swift */; };
		16E3F13E2B792A4600ACB6B8 /* CoinViewModelFactoryTests.swift in Sources */ = {isa = PBXBuildFile; fileRef = 16E3F1312B792A4600ACB6B8 /* CoinViewModelFactoryTests.swift */; };
		16E3F13F2B792A4600ACB6B8 /* CryptoServiceTests.swift in Sources */ = {isa = PBXBuildFile; fileRef = 16E3F1332B792A4600ACB6B8 /* CryptoServiceTests.swift */; };
		16E3F1402B792A4600ACB6B8 /* HomeCryptoListViewModelTests.swift in Sources */ = {isa = PBXBuildFile; fileRef = 16E3F1352B792A4600ACB6B8 /* HomeCryptoListViewModelTests.swift */; };
		16E3F1412B792A4600ACB6B8 /* FetchCryptoPricesUseCaseTests.swift in Sources */ = {isa = PBXBuildFile; fileRef = 16E3F1372B792A4600ACB6B8 /* FetchCryptoPricesUseCaseTests.swift */; };
/* End PBXBuildFile section */

/* Begin PBXContainerItemProxy section */
		16E3F0842B791C9D00ACB6B8 /* PBXContainerItemProxy */ = {
			isa = PBXContainerItemProxy;
			containerPortal = 16E3F0652B791C9B00ACB6B8 /* Project object */;
			proxyType = 1;
			remoteGlobalIDString = 16E3F06C2B791C9B00ACB6B8;
			remoteInfo = CryptoPrice;
		};
		16E3F08E2B791C9D00ACB6B8 /* PBXContainerItemProxy */ = {
			isa = PBXContainerItemProxy;
			containerPortal = 16E3F0652B791C9B00ACB6B8 /* Project object */;
			proxyType = 1;
			remoteGlobalIDString = 16E3F06C2B791C9B00ACB6B8;
			remoteInfo = CryptoPrice;
		};
/* End PBXContainerItemProxy section */

/* Begin PBXFileReference section */
		16E3F06D2B791C9B00ACB6B8 /* CryptoPrice.app */ = {isa = PBXFileReference; explicitFileType = wrapper.application; includeInIndex = 0; path = CryptoPrice.app; sourceTree = BUILT_PRODUCTS_DIR; };
		16E3F0702B791C9B00ACB6B8 /* AppDelegate.swift */ = {isa = PBXFileReference; lastKnownFileType = sourcecode.swift; path = AppDelegate.swift; sourceTree = "<group>"; };
		16E3F0722B791C9B00ACB6B8 /* SceneDelegate.swift */ = {isa = PBXFileReference; lastKnownFileType = sourcecode.swift; path = SceneDelegate.swift; sourceTree = "<group>"; };
		16E3F07C2B791C9C00ACB6B8 /* Base */ = {isa = PBXFileReference; lastKnownFileType = file.storyboard; name = Base; path = Base.lproj/LaunchScreen.storyboard; sourceTree = "<group>"; };
		16E3F07E2B791C9C00ACB6B8 /* Info.plist */ = {isa = PBXFileReference; lastKnownFileType = text.plist.xml; path = Info.plist; sourceTree = "<group>"; };
		16E3F0832B791C9D00ACB6B8 /* CryptoPriceTests.xctest */ = {isa = PBXFileReference; explicitFileType = wrapper.cfbundle; includeInIndex = 0; path = CryptoPriceTests.xctest; sourceTree = BUILT_PRODUCTS_DIR; };
		16E3F08D2B791C9D00ACB6B8 /* CryptoPriceUITests.xctest */ = {isa = PBXFileReference; explicitFileType = wrapper.cfbundle; includeInIndex = 0; path = CryptoPriceUITests.xctest; sourceTree = BUILT_PRODUCTS_DIR; };
		16E3F0912B791C9D00ACB6B8 /* CryptoPriceUITests.swift */ = {isa = PBXFileReference; lastKnownFileType = sourcecode.swift; path = CryptoPriceUITests.swift; sourceTree = "<group>"; };
		16E3F0932B791C9D00ACB6B8 /* CryptoPriceUITestsLaunchTests.swift */ = {isa = PBXFileReference; lastKnownFileType = sourcecode.swift; path = CryptoPriceUITestsLaunchTests.swift; sourceTree = "<group>"; };
		16E3F0A32B791DD400ACB6B8 /* HomeCoordinator.swift */ = {isa = PBXFileReference; fileEncoding = 4; lastKnownFileType = sourcecode.swift; path = HomeCoordinator.swift; sourceTree = "<group>"; };
		16E3F0A42B791DD400ACB6B8 /* Coordinator.swift */ = {isa = PBXFileReference; fileEncoding = 4; lastKnownFileType = sourcecode.swift; path = Coordinator.swift; sourceTree = "<group>"; };
		16E3F0A82B791DDA00ACB6B8 /* ResolverEnvironment.swift */ = {isa = PBXFileReference; fileEncoding = 4; lastKnownFileType = sourcecode.swift; path = ResolverEnvironment.swift; sourceTree = "<group>"; };
		16E3F0AA2B791DDA00ACB6B8 /* CoordinatorAssembly.swift */ = {isa = PBXFileReference; fileEncoding = 4; lastKnownFileType = sourcecode.swift; path = CoordinatorAssembly.swift; sourceTree = "<group>"; };
		16E3F0AB2B791DDA00ACB6B8 /* DependencyManager.swift */ = {isa = PBXFileReference; fileEncoding = 4; lastKnownFileType = sourcecode.swift; path = DependencyManager.swift; sourceTree = "<group>"; };
		16E3F0AD2B791DDA00ACB6B8 /* ModuleAssembly.swift */ = {isa = PBXFileReference; fileEncoding = 4; lastKnownFileType = sourcecode.swift; path = ModuleAssembly.swift; sourceTree = "<group>"; };
		16E3F0AF2B791DDA00ACB6B8 /* ServiceAssembly.swift */ = {isa = PBXFileReference; fileEncoding = 4; lastKnownFileType = sourcecode.swift; path = ServiceAssembly.swift; sourceTree = "<group>"; };
		16E3F0B02B791DDA00ACB6B8 /* NetworkAssembly.swift */ = {isa = PBXFileReference; fileEncoding = 4; lastKnownFileType = sourcecode.swift; path = NetworkAssembly.swift; sourceTree = "<group>"; };
		16E3F0B82B791DE100ACB6B8 /* String+Extensions.swift */ = {isa = PBXFileReference; fileEncoding = 4; lastKnownFileType = sourcecode.swift; path = "String+Extensions.swift"; sourceTree = "<group>"; };
		16E3F0B92B791DE100ACB6B8 /* Date+Extensions.swift */ = {isa = PBXFileReference; fileEncoding = 4; lastKnownFileType = sourcecode.swift; path = "Date+Extensions.swift"; sourceTree = "<group>"; };
		16E3F0BA2B791DE100ACB6B8 /* Double+Extensions.swift */ = {isa = PBXFileReference; fileEncoding = 4; lastKnownFileType = sourcecode.swift; path = "Double+Extensions.swift"; sourceTree = "<group>"; };
		16E3F0BF2B791DE800ACB6B8 /* CoinViewModelFactory.swift */ = {isa = PBXFileReference; fileEncoding = 4; lastKnownFileType = sourcecode.swift; path = CoinViewModelFactory.swift; sourceTree = "<group>"; };
		16E3F0C32B791DEF00ACB6B8 /* AppConfiguration.swift */ = {isa = PBXFileReference; fileEncoding = 4; lastKnownFileType = sourcecode.swift; path = AppConfiguration.swift; sourceTree = "<group>"; };
		16E3F0C42B791DEF00ACB6B8 /* Features.swift */ = {isa = PBXFileReference; fileEncoding = 4; lastKnownFileType = sourcecode.swift; path = Features.swift; sourceTree = "<group>"; };
		16E3F0C52B791DEF00ACB6B8 /* ClientError.swift */ = {isa = PBXFileReference; fileEncoding = 4; lastKnownFileType = sourcecode.swift; path = ClientError.swift; sourceTree = "<group>"; };
		16E3F0C62B791DEF00ACB6B8 /* StateModel.swift */ = {isa = PBXFileReference; fileEncoding = 4; lastKnownFileType = sourcecode.swift; path = StateModel.swift; sourceTree = "<group>"; };
		16E3F0C72B791DEF00ACB6B8 /* DomainResult.swift */ = {isa = PBXFileReference; fileEncoding = 4; lastKnownFileType = sourcecode.swift; path = DomainResult.swift; sourceTree = "<group>"; };
		16E3F0C92B791DEF00ACB6B8 /* CoinModel.swift */ = {isa = PBXFileReference; fileEncoding = 4; lastKnownFileType = sourcecode.swift; path = CoinModel.swift; sourceTree = "<group>"; };
		16E3F0CA2B791DEF00ACB6B8 /* StatisticModel.swift */ = {isa = PBXFileReference; fileEncoding = 4; lastKnownFileType = sourcecode.swift; path = StatisticModel.swift; sourceTree = "<group>"; };
		16E3F0CB2B791DEF00ACB6B8 /* CoinDetailModel.swift */ = {isa = PBXFileReference; fileEncoding = 4; lastKnownFileType = sourcecode.swift; path = CoinDetailModel.swift; sourceTree = "<group>"; };
		16E3F0D72B791DF400ACB6B8 /* CoinDetailViewModel.swift */ = {isa = PBXFileReference; fileEncoding = 4; lastKnownFileType = sourcecode.swift; path = CoinDetailViewModel.swift; sourceTree = "<group>"; };
		16E3F0D92B791DF400ACB6B8 /* ChartView.swift */ = {isa = PBXFileReference; fileEncoding = 4; lastKnownFileType = sourcecode.swift; path = ChartView.swift; sourceTree = "<group>"; };
		16E3F0DA2B791DF400ACB6B8 /* CoinDetailView.swift */ = {isa = PBXFileReference; fileEncoding = 4; lastKnownFileType = sourcecode.swift; path = CoinDetailView.swift; sourceTree = "<group>"; };
		16E3F0DC2B791DF400ACB6B8 /* FetchCrypoDetailUseCase.swift */ = {isa = PBXFileReference; fileEncoding = 4; lastKnownFileType = sourcecode.swift; path = FetchCrypoDetailUseCase.swift; sourceTree = "<group>"; };
		16E3F0DF2B791DF400ACB6B8 /* HomeCryptoListViewModel.swift */ = {isa = PBXFileReference; fileEncoding = 4; lastKnownFileType = sourcecode.swift; path = HomeCryptoListViewModel.swift; sourceTree = "<group>"; };
		16E3F0E12B791DF400ACB6B8 /* CoinRowViewModel.swift */ = {isa = PBXFileReference; fileEncoding = 4; lastKnownFileType = sourcecode.swift; path = CoinRowViewModel.swift; sourceTree = "<group>"; };
		16E3F0E42B791DF400ACB6B8 /* CryptoPriceAndPercentChangeView.swift */ = {isa = PBXFileReference; fileEncoding = 4; lastKnownFileType = sourcecode.swift; path = CryptoPriceAndPercentChangeView.swift; sourceTree = "<group>"; };
		16E3F0E52B791DF400ACB6B8 /* CryptoLogoAndSymbolView.swift */ = {isa = PBXFileReference; fileEncoding = 4; lastKnownFileType = sourcecode.swift; path = CryptoLogoAndSymbolView.swift; sourceTree = "<group>"; };
		16E3F0E62B791DF400ACB6B8 /* CoinRowView.swift */ = {isa = PBXFileReference; fileEncoding = 4; lastKnownFileType = sourcecode.swift; path = CoinRowView.swift; sourceTree = "<group>"; };
		16E3F0E72B791DF400ACB6B8 /* HomeCryptoListView.swift */ = {isa = PBXFileReference; fileEncoding = 4; lastKnownFileType = sourcecode.swift; path = HomeCryptoListView.swift; sourceTree = "<group>"; };
		16E3F0E92B791DF400ACB6B8 /* FetchCryptoPricesUseCase.swift */ = {isa = PBXFileReference; fileEncoding = 4; lastKnownFileType = sourcecode.swift; path = FetchCryptoPricesUseCase.swift; sourceTree = "<group>"; };
		16E3F0F62B791DFA00ACB6B8 /* HTTPClient.swift */ = {isa = PBXFileReference; fileEncoding = 4; lastKnownFileType = sourcecode.swift; path = HTTPClient.swift; sourceTree = "<group>"; };
		16E3F0F82B791DFA00ACB6B8 /* CryptoService.swift */ = {isa = PBXFileReference; fileEncoding = 4; lastKnownFileType = sourcecode.swift; path = CryptoService.swift; sourceTree = "<group>"; };
		16E3F0FA2B791DFA00ACB6B8 /* CryptoEndPoints.swift */ = {isa = PBXFileReference; fileEncoding = 4; lastKnownFileType = sourcecode.swift; path = CryptoEndPoints.swift; sourceTree = "<group>"; };
		16E3F0FB2B791DFA00ACB6B8 /* APIEndpoint.swift */ = {isa = PBXFileReference; fileEncoding = 4; lastKnownFileType = sourcecode.swift; path = APIEndpoint.swift; sourceTree = "<group>"; };
		16E3F1012B791E0200ACB6B8 /* Colors.xcassets */ = {isa = PBXFileReference; lastKnownFileType = folder.assetcatalog; path = Colors.xcassets; sourceTree = "<group>"; };
		16E3F1022B791E0200ACB6B8 /* Assets.xcassets */ = {isa = PBXFileReference; lastKnownFileType = folder.assetcatalog; path = Assets.xcassets; sourceTree = "<group>"; };
		16E3F1032B791E0200ACB6B8 /* Color+Extensions.swift */ = {isa = PBXFileReference; fileEncoding = 4; lastKnownFileType = sourcecode.swift; path = "Color+Extensions.swift"; sourceTree = "<group>"; };
		16E3F1092B791E0800ACB6B8 /* FetchCryptoLogoUseCase.swift */ = {isa = PBXFileReference; fileEncoding = 4; lastKnownFileType = sourcecode.swift; path = FetchCryptoLogoUseCase.swift; sourceTree = "<group>"; };
		16E3F10A2B791E0800ACB6B8 /* CryptoLogoView.swift */ = {isa = PBXFileReference; fileEncoding = 4; lastKnownFileType = sourcecode.swift; path = CryptoLogoView.swift; sourceTree = "<group>"; };
		16E3F10B2B791E0800ACB6B8 /* CryptoLogoViewModel.swift */ = {isa = PBXFileReference; fileEncoding = 4; lastKnownFileType = sourcecode.swift; path = CryptoLogoViewModel.swift; sourceTree = "<group>"; };
		16E3F10D2B791E0800ACB6B8 /* StatisticView.swift */ = {isa = PBXFileReference; fileEncoding = 4; lastKnownFileType = sourcecode.swift; path = StatisticView.swift; sourceTree = "<group>"; };
		16E3F1132B791E0D00ACB6B8 /* LocalFileManager.swift */ = {isa = PBXFileReference; fileEncoding = 4; lastKnownFileType = sourcecode.swift; path = LocalFileManager.swift; sourceTree = "<group>"; };
		16E3F1142B791E0D00ACB6B8 /* Logger.swift */ = {isa = PBXFileReference; fileEncoding = 4; lastKnownFileType = sourcecode.swift; path = Logger.swift; sourceTree = "<group>"; };
		16E3F1162B791E0D00ACB6B8 /* DeveloperPreview.swift */ = {isa = PBXFileReference; fileEncoding = 4; lastKnownFileType = sourcecode.swift; path = DeveloperPreview.swift; sourceTree = "<group>"; };
		16E3F1172B791E0D00ACB6B8 /* ErrorPopupView.swift */ = {isa = PBXFileReference; fileEncoding = 4; lastKnownFileType = sourcecode.swift; path = ErrorPopupView.swift; sourceTree = "<group>"; };
		16E3F1202B791E6A00ACB6B8 /* ApplicationCoordinator.swift */ = {isa = PBXFileReference; fileEncoding = 4; lastKnownFileType = sourcecode.swift; path = ApplicationCoordinator.swift; sourceTree = "<group>"; };
		16E3F1222B7926C700ACB6B8 /* CryptoLogoAndSymbolView.swift */ = {isa = PBXFileReference; fileEncoding = 4; lastKnownFileType = sourcecode.swift; path = CryptoLogoAndSymbolView.swift; sourceTree = "<group>"; };
		16E3F1252B792A4600ACB6B8 /* MockHTTPClient.swift */ = {isa = PBXFileReference; fileEncoding = 4; lastKnownFileType = sourcecode.swift; path = MockHTTPClient.swift; sourceTree = "<group>"; };
		16E3F1272B792A4600ACB6B8 /* MockFetchCryptoPricesUseCase.swift */ = {isa = PBXFileReference; fileEncoding = 4; lastKnownFileType = sourcecode.swift; path = MockFetchCryptoPricesUseCase.swift; sourceTree = "<group>"; };
		16E3F1292B792A4600ACB6B8 /* MockCryptoService.swift */ = {isa = PBXFileReference; fileEncoding = 4; lastKnownFileType = sourcecode.swift; path = MockCryptoService.swift; sourceTree = "<group>"; };
		16E3F12B2B792A4600ACB6B8 /* crypto_price_sample.json */ = {isa = PBXFileReference; fileEncoding = 4; lastKnownFileType = text.json; path = crypto_price_sample.json; sourceTree = "<group>"; };
		16E3F12D2B792A4600ACB6B8 /* CoinModelTests.swift */ = {isa = PBXFileReference; fileEncoding = 4; lastKnownFileType = sourcecode.swift; path = CoinModelTests.swift; sourceTree = "<group>"; };
		16E3F12F2B792A4600ACB6B8 /* TestUtilities.swift */ = {isa = PBXFileReference; fileEncoding = 4; lastKnownFileType = sourcecode.swift; path = TestUtilities.swift; sourceTree = "<group>"; };
		16E3F1312B792A4600ACB6B8 /* CoinViewModelFactoryTests.swift */ = {isa = PBXFileReference; fileEncoding = 4; lastKnownFileType = sourcecode.swift; path = CoinViewModelFactoryTests.swift; sourceTree = "<group>"; };
		16E3F1332B792A4600ACB6B8 /* CryptoServiceTests.swift */ = {isa = PBXFileReference; fileEncoding = 4; lastKnownFileType = sourcecode.swift; path = CryptoServiceTests.swift; sourceTree = "<group>"; };
		16E3F1352B792A4600ACB6B8 /* HomeCryptoListViewModelTests.swift */ = {isa = PBXFileReference; fileEncoding = 4; lastKnownFileType = sourcecode.swift; path = HomeCryptoListViewModelTests.swift; sourceTree = "<group>"; };
		16E3F1372B792A4600ACB6B8 /* FetchCryptoPricesUseCaseTests.swift */ = {isa = PBXFileReference; fileEncoding = 4; lastKnownFileType = sourcecode.swift; path = FetchCryptoPricesUseCaseTests.swift; sourceTree = "<group>"; };
/* End PBXFileReference section */

/* Begin PBXFrameworksBuildPhase section */
		16E3F06A2B791C9B00ACB6B8 /* Frameworks */ = {
			isa = PBXFrameworksBuildPhase;
			buildActionMask = 2147483647;
			files = (
				16E3F11F2B791E2B00ACB6B8 /* Swinject in Frameworks */,
			);
			runOnlyForDeploymentPostprocessing = 0;
		};
		16E3F0802B791C9D00ACB6B8 /* Frameworks */ = {
			isa = PBXFrameworksBuildPhase;
			buildActionMask = 2147483647;
			files = (
			);
			runOnlyForDeploymentPostprocessing = 0;
		};
		16E3F08A2B791C9D00ACB6B8 /* Frameworks */ = {
			isa = PBXFrameworksBuildPhase;
			buildActionMask = 2147483647;
			files = (
			);
			runOnlyForDeploymentPostprocessing = 0;
		};
/* End PBXFrameworksBuildPhase section */

/* Begin PBXGroup section */
		16E3F0642B791C9B00ACB6B8 = {
			isa = PBXGroup;
			children = (
				16E3F06F2B791C9B00ACB6B8 /* CryptoPrice */,
				16E3F0862B791C9D00ACB6B8 /* CryptoPriceTests */,
				16E3F0902B791C9D00ACB6B8 /* CryptoPriceUITests */,
				16E3F06E2B791C9B00ACB6B8 /* Products */,
			);
			sourceTree = "<group>";
		};
		16E3F06E2B791C9B00ACB6B8 /* Products */ = {
			isa = PBXGroup;
			children = (
				16E3F06D2B791C9B00ACB6B8 /* CryptoPrice.app */,
				16E3F0832B791C9D00ACB6B8 /* CryptoPriceTests.xctest */,
				16E3F08D2B791C9D00ACB6B8 /* CryptoPriceUITests.xctest */,
			);
			name = Products;
			sourceTree = "<group>";
		};
		16E3F06F2B791C9B00ACB6B8 /* CryptoPrice */ = {
			isa = PBXGroup;
			children = (
				16E3F0A12B791D8200ACB6B8 /* App */,
				16E3F0A22B791DD400ACB6B8 /* Coordinators */,
				16E3F0A72B791DDA00ACB6B8 /* Dependency Injection */,
				16E3F0B72B791DE100ACB6B8 /* Extensions */,
				16E3F0BE2B791DE800ACB6B8 /* Factories */,
				16E3F0C12B791DEF00ACB6B8 /* Models */,
				16E3F0D42B791DF400ACB6B8 /* Modules */,
				16E3F0F52B791DFA00ACB6B8 /* Networking */,
				16E3F1002B791E0200ACB6B8 /* Resources */,
				16E3F1072B791E0800ACB6B8 /* UIComponents */,
				16E3F1122B791E0D00ACB6B8 /* Utilities */,
			);
			path = CryptoPrice;
			sourceTree = "<group>";
		};
		16E3F0862B791C9D00ACB6B8 /* CryptoPriceTests */ = {
			isa = PBXGroup;
			children = (
				16E3F1302B792A4600ACB6B8 /* FactoryTests */,
				16E3F1242B792A4600ACB6B8 /* Mocks */,
				16E3F12C2B792A4600ACB6B8 /* ModelTests */,
				16E3F1322B792A4600ACB6B8 /* ServiceTests */,
				16E3F12A2B792A4600ACB6B8 /* Stubs */,
				16E3F12E2B792A4600ACB6B8 /* TestUtilities */,
				16E3F1362B792A4600ACB6B8 /* UseCaseTests */,
				16E3F1342B792A4600ACB6B8 /* ViewModelTests */,
			);
			path = CryptoPriceTests;
			sourceTree = "<group>";
		};
		16E3F0902B791C9D00ACB6B8 /* CryptoPriceUITests */ = {
			isa = PBXGroup;
			children = (
				16E3F0912B791C9D00ACB6B8 /* CryptoPriceUITests.swift */,
				16E3F0932B791C9D00ACB6B8 /* CryptoPriceUITestsLaunchTests.swift */,
			);
			path = CryptoPriceUITests;
			sourceTree = "<group>";
		};
		16E3F0A12B791D8200ACB6B8 /* App */ = {
			isa = PBXGroup;
			children = (
				16E3F07E2B791C9C00ACB6B8 /* Info.plist */,
				16E3F0702B791C9B00ACB6B8 /* AppDelegate.swift */,
				16E3F1202B791E6A00ACB6B8 /* ApplicationCoordinator.swift */,
				16E3F0722B791C9B00ACB6B8 /* SceneDelegate.swift */,
				16E3F07B2B791C9C00ACB6B8 /* LaunchScreen.storyboard */,
			);
			path = App;
			sourceTree = "<group>";
		};
		16E3F0A22B791DD400ACB6B8 /* Coordinators */ = {
			isa = PBXGroup;
			children = (
				16E3F0A42B791DD400ACB6B8 /* Coordinator.swift */,
				16E3F0A32B791DD400ACB6B8 /* HomeCoordinator.swift */,
			);
			path = Coordinators;
			sourceTree = "<group>";
		};
		16E3F0A72B791DDA00ACB6B8 /* Dependency Injection */ = {
			isa = PBXGroup;
			children = (
				16E3F0AB2B791DDA00ACB6B8 /* DependencyManager.swift */,
				16E3F0A82B791DDA00ACB6B8 /* ResolverEnvironment.swift */,
				16E3F0A92B791DDA00ACB6B8 /* Coodinators */,
				16E3F0AC2B791DDA00ACB6B8 /* Screens */,
				16E3F0AE2B791DDA00ACB6B8 /* Service */,
			);
			path = "Dependency Injection";
			sourceTree = "<group>";
		};
		16E3F0A92B791DDA00ACB6B8 /* Coodinators */ = {
			isa = PBXGroup;
			children = (
				16E3F0AA2B791DDA00ACB6B8 /* CoordinatorAssembly.swift */,
			);
			path = Coodinators;
			sourceTree = "<group>";
		};
		16E3F0AC2B791DDA00ACB6B8 /* Screens */ = {
			isa = PBXGroup;
			children = (
				16E3F0AD2B791DDA00ACB6B8 /* ModuleAssembly.swift */,
			);
			path = Screens;
			sourceTree = "<group>";
		};
		16E3F0AE2B791DDA00ACB6B8 /* Service */ = {
			isa = PBXGroup;
			children = (
				16E3F0B02B791DDA00ACB6B8 /* NetworkAssembly.swift */,
				16E3F0AF2B791DDA00ACB6B8 /* ServiceAssembly.swift */,
			);
			path = Service;
			sourceTree = "<group>";
		};
		16E3F0B72B791DE100ACB6B8 /* Extensions */ = {
			isa = PBXGroup;
			children = (
				16E3F0B92B791DE100ACB6B8 /* Date+Extensions.swift */,
				16E3F0BA2B791DE100ACB6B8 /* Double+Extensions.swift */,
				16E3F0B82B791DE100ACB6B8 /* String+Extensions.swift */,
			);
			path = Extensions;
			sourceTree = "<group>";
		};
		16E3F0BE2B791DE800ACB6B8 /* Factories */ = {
			isa = PBXGroup;
			children = (
				16E3F0BF2B791DE800ACB6B8 /* CoinViewModelFactory.swift */,
			);
			path = Factories;
			sourceTree = "<group>";
		};
		16E3F0C12B791DEF00ACB6B8 /* Models */ = {
			isa = PBXGroup;
			children = (
				16E3F0C22B791DEF00ACB6B8 /* Core */,
				16E3F0C82B791DEF00ACB6B8 /* Coin */,
			);
			path = Models;
			sourceTree = "<group>";
		};
		16E3F0C22B791DEF00ACB6B8 /* Core */ = {
			isa = PBXGroup;
			children = (
				16E3F0C32B791DEF00ACB6B8 /* AppConfiguration.swift */,
				16E3F0C52B791DEF00ACB6B8 /* ClientError.swift */,
				16E3F0C72B791DEF00ACB6B8 /* DomainResult.swift */,
				16E3F0C42B791DEF00ACB6B8 /* Features.swift */,
				16E3F0C62B791DEF00ACB6B8 /* StateModel.swift */,
			);
			path = Core;
			sourceTree = "<group>";
		};
		16E3F0C82B791DEF00ACB6B8 /* Coin */ = {
			isa = PBXGroup;
			children = (
				16E3F0CB2B791DEF00ACB6B8 /* CoinDetailModel.swift */,
				16E3F0C92B791DEF00ACB6B8 /* CoinModel.swift */,
				16E3F0CA2B791DEF00ACB6B8 /* StatisticModel.swift */,
			);
			path = Coin;
			sourceTree = "<group>";
		};
		16E3F0D42B791DF400ACB6B8 /* Modules */ = {
			isa = PBXGroup;
			children = (
				16E3F0D52B791DF400ACB6B8 /* CoinDetail */,
				16E3F0DD2B791DF400ACB6B8 /* HomeCryptoList */,
			);
			path = Modules;
			sourceTree = "<group>";
		};
		16E3F0D52B791DF400ACB6B8 /* CoinDetail */ = {
			isa = PBXGroup;
			children = (
				16E3F0DB2B791DF400ACB6B8 /* UseCases */,
				16E3F0D62B791DF400ACB6B8 /* ViewModel */,
				16E3F0D82B791DF400ACB6B8 /* Views */,
			);
			path = CoinDetail;
			sourceTree = "<group>";
		};
		16E3F0D62B791DF400ACB6B8 /* ViewModel */ = {
			isa = PBXGroup;
			children = (
				16E3F0D72B791DF400ACB6B8 /* CoinDetailViewModel.swift */,
			);
			path = ViewModel;
			sourceTree = "<group>";
		};
		16E3F0D82B791DF400ACB6B8 /* Views */ = {
			isa = PBXGroup;
			children = (
				16E3F0D92B791DF400ACB6B8 /* ChartView.swift */,
				16E3F0DA2B791DF400ACB6B8 /* CoinDetailView.swift */,
			);
			path = Views;
			sourceTree = "<group>";
		};
		16E3F0DB2B791DF400ACB6B8 /* UseCases */ = {
			isa = PBXGroup;
			children = (
				16E3F0DC2B791DF400ACB6B8 /* FetchCrypoDetailUseCase.swift */,
			);
			path = UseCases;
			sourceTree = "<group>";
		};
		16E3F0DD2B791DF400ACB6B8 /* HomeCryptoList */ = {
			isa = PBXGroup;
			children = (
				16E3F0E02B791DF400ACB6B8 /* Model */,
				16E3F0E82B791DF400ACB6B8 /* UseCases */,
				16E3F0E22B791DF400ACB6B8 /* View */,
				16E3F0DE2B791DF400ACB6B8 /* ViewModel */,
			);
			path = HomeCryptoList;
			sourceTree = "<group>";
		};
		16E3F0DE2B791DF400ACB6B8 /* ViewModel */ = {
			isa = PBXGroup;
			children = (
				16E3F0DF2B791DF400ACB6B8 /* HomeCryptoListViewModel.swift */,
			);
			path = ViewModel;
			sourceTree = "<group>";
		};
		16E3F0E02B791DF400ACB6B8 /* Model */ = {
			isa = PBXGroup;
			children = (
				16E3F0E12B791DF400ACB6B8 /* CoinRowViewModel.swift */,
			);
			path = Model;
			sourceTree = "<group>";
		};
		16E3F0E22B791DF400ACB6B8 /* View */ = {
			isa = PBXGroup;
			children = (
				16E3F0E32B791DF400ACB6B8 /* SubViews */,
				16E3F0E72B791DF400ACB6B8 /* HomeCryptoListView.swift */,
			);
			path = View;
			sourceTree = "<group>";
		};
		16E3F0E32B791DF400ACB6B8 /* SubViews */ = {
			isa = PBXGroup;
			children = (
				16E3F0E62B791DF400ACB6B8 /* CoinRowView.swift */,
				16E3F1222B7926C700ACB6B8 /* CryptoLogoAndSymbolView.swift */,
				16E3F0E42B791DF400ACB6B8 /* CryptoPriceAndPercentChangeView.swift */,
				16E3F0E52B791DF400ACB6B8 /* CryptoLogoAndSymbolView.swift */,
			);
			path = SubViews;
			sourceTree = "<group>";
		};
		16E3F0E82B791DF400ACB6B8 /* UseCases */ = {
			isa = PBXGroup;
			children = (
				16E3F0E92B791DF400ACB6B8 /* FetchCryptoPricesUseCase.swift */,
			);
			path = UseCases;
			sourceTree = "<group>";
		};
		16E3F0F52B791DFA00ACB6B8 /* Networking */ = {
			isa = PBXGroup;
			children = (
				16E3F0F62B791DFA00ACB6B8 /* HTTPClient.swift */,
				16E3F0F92B791DFA00ACB6B8 /* API EndPoints */,
				16E3F0F72B791DFA00ACB6B8 /* Services */,
			);
			path = Networking;
			sourceTree = "<group>";
		};
		16E3F0F72B791DFA00ACB6B8 /* Services */ = {
			isa = PBXGroup;
			children = (
				16E3F0F82B791DFA00ACB6B8 /* CryptoService.swift */,
			);
			path = Services;
			sourceTree = "<group>";
		};
		16E3F0F92B791DFA00ACB6B8 /* API EndPoints */ = {
			isa = PBXGroup;
			children = (
				16E3F0FB2B791DFA00ACB6B8 /* APIEndpoint.swift */,
				16E3F0FA2B791DFA00ACB6B8 /* CryptoEndPoints.swift */,
			);
			path = "API EndPoints";
			sourceTree = "<group>";
		};
		16E3F1002B791E0200ACB6B8 /* Resources */ = {
			isa = PBXGroup;
			children = (
				16E3F1032B791E0200ACB6B8 /* Color+Extensions.swift */,
				16E3F1022B791E0200ACB6B8 /* Assets.xcassets */,
				16E3F1012B791E0200ACB6B8 /* Colors.xcassets */,
			);
			path = Resources;
			sourceTree = "<group>";
		};
		16E3F1072B791E0800ACB6B8 /* UIComponents */ = {
			isa = PBXGroup;
			children = (
				16E3F1082B791E0800ACB6B8 /* CryptoLogoView */,
				16E3F10C2B791E0800ACB6B8 /* StatisticView */,
			);
			path = UIComponents;
			sourceTree = "<group>";
		};
		16E3F1082B791E0800ACB6B8 /* CryptoLogoView */ = {
			isa = PBXGroup;
			children = (
				16E3F10A2B791E0800ACB6B8 /* CryptoLogoView.swift */,
				16E3F10B2B791E0800ACB6B8 /* CryptoLogoViewModel.swift */,
				16E3F1092B791E0800ACB6B8 /* FetchCryptoLogoUseCase.swift */,
			);
			path = CryptoLogoView;
			sourceTree = "<group>";
		};
		16E3F10C2B791E0800ACB6B8 /* StatisticView */ = {
			isa = PBXGroup;
			children = (
				16E3F10D2B791E0800ACB6B8 /* StatisticView.swift */,
			);
			path = StatisticView;
			sourceTree = "<group>";
		};
		16E3F1122B791E0D00ACB6B8 /* Utilities */ = {
			isa = PBXGroup;
			children = (
				16E3F1162B791E0D00ACB6B8 /* DeveloperPreview.swift */,
				16E3F1172B791E0D00ACB6B8 /* ErrorPopupView.swift */,
				16E3F1132B791E0D00ACB6B8 /* LocalFileManager.swift */,
				16E3F1142B791E0D00ACB6B8 /* Logger.swift */,
			);
			path = Utilities;
			sourceTree = "<group>";
		};
		16E3F1242B792A4600ACB6B8 /* Mocks */ = {
			isa = PBXGroup;
			children = (
				16E3F1252B792A4600ACB6B8 /* MockHTTPClient.swift */,
				16E3F1262B792A4600ACB6B8 /* UseCases */,
				16E3F1282B792A4600ACB6B8 /* Services */,
			);
			path = Mocks;
			sourceTree = "<group>";
		};
		16E3F1262B792A4600ACB6B8 /* UseCases */ = {
			isa = PBXGroup;
			children = (
				16E3F1272B792A4600ACB6B8 /* MockFetchCryptoPricesUseCase.swift */,
			);
			path = UseCases;
			sourceTree = "<group>";
		};
		16E3F1282B792A4600ACB6B8 /* Services */ = {
			isa = PBXGroup;
			children = (
				16E3F1292B792A4600ACB6B8 /* MockCryptoService.swift */,
			);
			path = Services;
			sourceTree = "<group>";
		};
		16E3F12A2B792A4600ACB6B8 /* Stubs */ = {
			isa = PBXGroup;
			children = (
				16E3F12B2B792A4600ACB6B8 /* crypto_price_sample.json */,
			);
			path = Stubs;
			sourceTree = "<group>";
		};
		16E3F12C2B792A4600ACB6B8 /* ModelTests */ = {
			isa = PBXGroup;
			children = (
				16E3F12D2B792A4600ACB6B8 /* CoinModelTests.swift */,
			);
			path = ModelTests;
			sourceTree = "<group>";
		};
		16E3F12E2B792A4600ACB6B8 /* TestUtilities */ = {
			isa = PBXGroup;
			children = (
				16E3F12F2B792A4600ACB6B8 /* TestUtilities.swift */,
			);
			path = TestUtilities;
			sourceTree = "<group>";
		};
		16E3F1302B792A4600ACB6B8 /* FactoryTests */ = {
			isa = PBXGroup;
			children = (
				16E3F1312B792A4600ACB6B8 /* CoinViewModelFactoryTests.swift */,
			);
			path = FactoryTests;
			sourceTree = "<group>";
		};
		16E3F1322B792A4600ACB6B8 /* ServiceTests */ = {
			isa = PBXGroup;
			children = (
				16E3F1332B792A4600ACB6B8 /* CryptoServiceTests.swift */,
			);
			path = ServiceTests;
			sourceTree = "<group>";
		};
		16E3F1342B792A4600ACB6B8 /* ViewModelTests */ = {
			isa = PBXGroup;
			children = (
				16E3F1352B792A4600ACB6B8 /* HomeCryptoListViewModelTests.swift */,
			);
			path = ViewModelTests;
			sourceTree = "<group>";
		};
		16E3F1362B792A4600ACB6B8 /* UseCaseTests */ = {
			isa = PBXGroup;
			children = (
				16E3F1372B792A4600ACB6B8 /* FetchCryptoPricesUseCaseTests.swift */,
			);
			path = UseCaseTests;
			sourceTree = "<group>";
		};
/* End PBXGroup section */

/* Begin PBXNativeTarget section */
		16E3F06C2B791C9B00ACB6B8 /* CryptoPrice */ = {
			isa = PBXNativeTarget;
			buildConfigurationList = 16E3F0972B791C9D00ACB6B8 /* Build configuration list for PBXNativeTarget "CryptoPrice" */;
			buildPhases = (
				16E3F0692B791C9B00ACB6B8 /* Sources */,
				16E3F06A2B791C9B00ACB6B8 /* Frameworks */,
				16E3F06B2B791C9B00ACB6B8 /* Resources */,
				16E3F0A02B791CC500ACB6B8 /* SwiftLint */,
			);
			buildRules = (
			);
			dependencies = (
			);
			name = CryptoPrice;
			packageProductDependencies = (
				16E3F11E2B791E2B00ACB6B8 /* Swinject */,
			);
			productName = CryptoPrice;
			productReference = 16E3F06D2B791C9B00ACB6B8 /* CryptoPrice.app */;
			productType = "com.apple.product-type.application";
		};
		16E3F0822B791C9D00ACB6B8 /* CryptoPriceTests */ = {
			isa = PBXNativeTarget;
			buildConfigurationList = 16E3F09A2B791C9D00ACB6B8 /* Build configuration list for PBXNativeTarget "CryptoPriceTests" */;
			buildPhases = (
				16E3F07F2B791C9D00ACB6B8 /* Sources */,
				16E3F0802B791C9D00ACB6B8 /* Frameworks */,
				16E3F0812B791C9D00ACB6B8 /* Resources */,
			);
			buildRules = (
			);
			dependencies = (
				16E3F0852B791C9D00ACB6B8 /* PBXTargetDependency */,
			);
			name = CryptoPriceTests;
			productName = CryptoPriceTests;
			productReference = 16E3F0832B791C9D00ACB6B8 /* CryptoPriceTests.xctest */;
			productType = "com.apple.product-type.bundle.unit-test";
		};
		16E3F08C2B791C9D00ACB6B8 /* CryptoPriceUITests */ = {
			isa = PBXNativeTarget;
			buildConfigurationList = 16E3F09D2B791C9D00ACB6B8 /* Build configuration list for PBXNativeTarget "CryptoPriceUITests" */;
			buildPhases = (
				16E3F0892B791C9D00ACB6B8 /* Sources */,
				16E3F08A2B791C9D00ACB6B8 /* Frameworks */,
				16E3F08B2B791C9D00ACB6B8 /* Resources */,
			);
			buildRules = (
			);
			dependencies = (
				16E3F08F2B791C9D00ACB6B8 /* PBXTargetDependency */,
			);
			name = CryptoPriceUITests;
			productName = CryptoPriceUITests;
			productReference = 16E3F08D2B791C9D00ACB6B8 /* CryptoPriceUITests.xctest */;
			productType = "com.apple.product-type.bundle.ui-testing";
		};
/* End PBXNativeTarget section */

/* Begin PBXProject section */
		16E3F0652B791C9B00ACB6B8 /* Project object */ = {
			isa = PBXProject;
			attributes = {
				BuildIndependentTargetsInParallel = 1;
				LastSwiftUpdateCheck = 1520;
				LastUpgradeCheck = 1520;
				TargetAttributes = {
					16E3F06C2B791C9B00ACB6B8 = {
						CreatedOnToolsVersion = 15.2;
					};
					16E3F0822B791C9D00ACB6B8 = {
						CreatedOnToolsVersion = 15.2;
						TestTargetID = 16E3F06C2B791C9B00ACB6B8;
					};
					16E3F08C2B791C9D00ACB6B8 = {
						CreatedOnToolsVersion = 15.2;
						TestTargetID = 16E3F06C2B791C9B00ACB6B8;
					};
				};
			};
			buildConfigurationList = 16E3F0682B791C9B00ACB6B8 /* Build configuration list for PBXProject "CryptoPrice" */;
			compatibilityVersion = "Xcode 14.0";
			developmentRegion = en;
			hasScannedForEncodings = 0;
			knownRegions = (
				en,
				Base,
			);
			mainGroup = 16E3F0642B791C9B00ACB6B8;
			packageReferences = (
				16E3F11D2B791E2B00ACB6B8 /* XCRemoteSwiftPackageReference "Swinject" */,
			);
			productRefGroup = 16E3F06E2B791C9B00ACB6B8 /* Products */;
			projectDirPath = "";
			projectRoot = "";
			targets = (
				16E3F06C2B791C9B00ACB6B8 /* CryptoPrice */,
				16E3F0822B791C9D00ACB6B8 /* CryptoPriceTests */,
				16E3F08C2B791C9D00ACB6B8 /* CryptoPriceUITests */,
			);
		};
/* End PBXProject section */

/* Begin PBXResourcesBuildPhase section */
		16E3F06B2B791C9B00ACB6B8 /* Resources */ = {
			isa = PBXResourcesBuildPhase;
			buildActionMask = 2147483647;
			files = (
				16E3F07D2B791C9C00ACB6B8 /* LaunchScreen.storyboard in Resources */,
				16E3F1052B791E0200ACB6B8 /* Assets.xcassets in Resources */,
				16E3F1042B791E0200ACB6B8 /* Colors.xcassets in Resources */,
			);
			runOnlyForDeploymentPostprocessing = 0;
		};
		16E3F0812B791C9D00ACB6B8 /* Resources */ = {
			isa = PBXResourcesBuildPhase;
			buildActionMask = 2147483647;
			files = (
				16E3F13B2B792A4600ACB6B8 /* crypto_price_sample.json in Resources */,
			);
			runOnlyForDeploymentPostprocessing = 0;
		};
		16E3F08B2B791C9D00ACB6B8 /* Resources */ = {
			isa = PBXResourcesBuildPhase;
			buildActionMask = 2147483647;
			files = (
			);
			runOnlyForDeploymentPostprocessing = 0;
		};
/* End PBXResourcesBuildPhase section */

/* Begin PBXShellScriptBuildPhase section */
		16E3F0A02B791CC500ACB6B8 /* SwiftLint */ = {
			isa = PBXShellScriptBuildPhase;
			buildActionMask = 2147483647;
			files = (
			);
			inputFileListPaths = (
			);
			inputPaths = (
			);
			name = SwiftLint;
			outputFileListPaths = (
			);
			outputPaths = (
			);
			runOnlyForDeploymentPostprocessing = 0;
			shellPath = /bin/sh;
			shellScript = "if [[ \"$(uname -m)\" == arm64 ]]; then\n    export PATH=\"/opt/homebrew/bin:$PATH\"\nfi\n\nif which swiftlint > /dev/null; then\n  swiftlint\nelse\n  echo \"warning: SwiftLint not installed, download from https://github.com/realm/SwiftLint\"\nfi\n\n";
		};
/* End PBXShellScriptBuildPhase section */

/* Begin PBXSourcesBuildPhase section */
		16E3F0692B791C9B00ACB6B8 /* Sources */ = {
			isa = PBXSourcesBuildPhase;
			buildActionMask = 2147483647;
			files = (
				16E3F0D12B791DEF00ACB6B8 /* CoinModel.swift in Sources */,
				16E3F0ED2B791DF400ACB6B8 /* FetchCrypoDetailUseCase.swift in Sources */,
				16E3F0FC2B791DFA00ACB6B8 /* HTTPClient.swift in Sources */,
				16E3F0F12B791DF400ACB6B8 /* CryptoLogoAndSymbolView.swift in Sources */,
				16E3F1182B791E0D00ACB6B8 /* LocalFileManager.swift in Sources */,
				16E3F0D22B791DEF00ACB6B8 /* StatisticModel.swift in Sources */,
				16E3F0B22B791DDA00ACB6B8 /* CoordinatorAssembly.swift in Sources */,
				16E3F0BD2B791DE100ACB6B8 /* Double+Extensions.swift in Sources */,
				16E3F1112B791E0800ACB6B8 /* StatisticView.swift in Sources */,
				16E3F0F42B791DF400ACB6B8 /* FetchCryptoPricesUseCase.swift in Sources */,
				16E3F0F22B791DF400ACB6B8 /* CoinRowView.swift in Sources */,
				16E3F0FE2B791DFA00ACB6B8 /* CryptoEndPoints.swift in Sources */,
				16E3F0BB2B791DE100ACB6B8 /* String+Extensions.swift in Sources */,
				16E3F0B12B791DDA00ACB6B8 /* ResolverEnvironment.swift in Sources */,
				16E3F10F2B791E0800ACB6B8 /* CryptoLogoView.swift in Sources */,
				16E3F0C02B791DE800ACB6B8 /* CoinViewModelFactory.swift in Sources */,
				16E3F0D32B791DEF00ACB6B8 /* CoinDetailModel.swift in Sources */,
				16E3F0FD2B791DFA00ACB6B8 /* CryptoService.swift in Sources */,
				16E3F0EC2B791DF400ACB6B8 /* CoinDetailView.swift in Sources */,
				16E3F0D02B791DEF00ACB6B8 /* DomainResult.swift in Sources */,
				16E3F0EE2B791DF400ACB6B8 /* HomeCryptoListViewModel.swift in Sources */,
				16E3F0FF2B791DFA00ACB6B8 /* APIEndpoint.swift in Sources */,
				16E3F11C2B791E0D00ACB6B8 /* ErrorPopupView.swift in Sources */,
				16E3F0F02B791DF400ACB6B8 /* CryptoPriceAndPercentChangeView.swift in Sources */,
				16E3F1192B791E0D00ACB6B8 /* Logger.swift in Sources */,
				16E3F0A62B791DD400ACB6B8 /* Coordinator.swift in Sources */,
				16E3F0CC2B791DEF00ACB6B8 /* AppConfiguration.swift in Sources */,
				16E3F11B2B791E0D00ACB6B8 /* DeveloperPreview.swift in Sources */,
				16E3F0EF2B791DF400ACB6B8 /* CoinRowViewModel.swift in Sources */,
				16E3F0B52B791DDA00ACB6B8 /* ServiceAssembly.swift in Sources */,
				16E3F0CD2B791DEF00ACB6B8 /* Features.swift in Sources */,
				16E3F0F32B791DF400ACB6B8 /* HomeCryptoListView.swift in Sources */,
				16E3F0BC2B791DE100ACB6B8 /* Date+Extensions.swift in Sources */,
				16E3F0712B791C9B00ACB6B8 /* AppDelegate.swift in Sources */,
				16E3F0732B791C9B00ACB6B8 /* SceneDelegate.swift in Sources */,
				16E3F0B42B791DDA00ACB6B8 /* ModuleAssembly.swift in Sources */,
				16E3F0CF2B791DEF00ACB6B8 /* StateModel.swift in Sources */,
				16E3F10E2B791E0800ACB6B8 /* FetchCryptoLogoUseCase.swift in Sources */,
				16E3F0EA2B791DF400ACB6B8 /* CoinDetailViewModel.swift in Sources */,
				16E3F0CE2B791DEF00ACB6B8 /* ClientError.swift in Sources */,
				16E3F1102B791E0800ACB6B8 /* CryptoLogoViewModel.swift in Sources */,
				16E3F0A52B791DD400ACB6B8 /* HomeCoordinator.swift in Sources */,
				16E3F0B62B791DDA00ACB6B8 /* NetworkAssembly.swift in Sources */,
				16E3F1062B791E0200ACB6B8 /* Color+Extensions.swift in Sources */,
				16E3F0B32B791DDA00ACB6B8 /* DependencyManager.swift in Sources */,
				16E3F0EB2B791DF400ACB6B8 /* ChartView.swift in Sources */,
				16E3F1212B791E6A00ACB6B8 /* ApplicationCoordinator.swift in Sources */,
				16E3F1232B7926C700ACB6B8 /* CryptoLogoAndSymbolView.swift in Sources */,
			);
			runOnlyForDeploymentPostprocessing = 0;
		};
		16E3F07F2B791C9D00ACB6B8 /* Sources */ = {
			isa = PBXSourcesBuildPhase;
			buildActionMask = 2147483647;
			files = (
				16E3F13F2B792A4600ACB6B8 /* CryptoServiceTests.swift in Sources */,
				16E3F13E2B792A4600ACB6B8 /* CoinViewModelFactoryTests.swift in Sources */,
				16E3F13D2B792A4600ACB6B8 /* TestUtilities.swift in Sources */,
				16E3F1392B792A4600ACB6B8 /* MockFetchCryptoPricesUseCase.swift in Sources */,
				16E3F1382B792A4600ACB6B8 /* MockHTTPClient.swift in Sources */,
				16E3F1402B792A4600ACB6B8 /* HomeCryptoListViewModelTests.swift in Sources */,
				16E3F13A2B792A4600ACB6B8 /* MockCryptoService.swift in Sources */,
				16E3F1412B792A4600ACB6B8 /* FetchCryptoPricesUseCaseTests.swift in Sources */,
				16E3F13C2B792A4600ACB6B8 /* CoinModelTests.swift in Sources */,
			);
			runOnlyForDeploymentPostprocessing = 0;
		};
		16E3F0892B791C9D00ACB6B8 /* Sources */ = {
			isa = PBXSourcesBuildPhase;
			buildActionMask = 2147483647;
			files = (
				16E3F0922B791C9D00ACB6B8 /* CryptoPriceUITests.swift in Sources */,
				16E3F0942B791C9D00ACB6B8 /* CryptoPriceUITestsLaunchTests.swift in Sources */,
			);
			runOnlyForDeploymentPostprocessing = 0;
		};
/* End PBXSourcesBuildPhase section */

/* Begin PBXTargetDependency section */
		16E3F0852B791C9D00ACB6B8 /* PBXTargetDependency */ = {
			isa = PBXTargetDependency;
			target = 16E3F06C2B791C9B00ACB6B8 /* CryptoPrice */;
			targetProxy = 16E3F0842B791C9D00ACB6B8 /* PBXContainerItemProxy */;
		};
		16E3F08F2B791C9D00ACB6B8 /* PBXTargetDependency */ = {
			isa = PBXTargetDependency;
			target = 16E3F06C2B791C9B00ACB6B8 /* CryptoPrice */;
			targetProxy = 16E3F08E2B791C9D00ACB6B8 /* PBXContainerItemProxy */;
		};
/* End PBXTargetDependency section */

/* Begin PBXVariantGroup section */
		16E3F07B2B791C9C00ACB6B8 /* LaunchScreen.storyboard */ = {
			isa = PBXVariantGroup;
			children = (
				16E3F07C2B791C9C00ACB6B8 /* Base */,
			);
			name = LaunchScreen.storyboard;
			sourceTree = "<group>";
		};
/* End PBXVariantGroup section */

/* Begin XCBuildConfiguration section */
		16E3F0952B791C9D00ACB6B8 /* Debug */ = {
			isa = XCBuildConfiguration;
			buildSettings = {
				ALWAYS_SEARCH_USER_PATHS = NO;
				ASSETCATALOG_COMPILER_GENERATE_SWIFT_ASSET_SYMBOL_EXTENSIONS = YES;
				CLANG_ANALYZER_NONNULL = YES;
				CLANG_ANALYZER_NUMBER_OBJECT_CONVERSION = YES_AGGRESSIVE;
				CLANG_CXX_LANGUAGE_STANDARD = "gnu++20";
				CLANG_ENABLE_MODULES = YES;
				CLANG_ENABLE_OBJC_ARC = YES;
				CLANG_ENABLE_OBJC_WEAK = YES;
				CLANG_WARN_BLOCK_CAPTURE_AUTORELEASING = YES;
				CLANG_WARN_BOOL_CONVERSION = YES;
				CLANG_WARN_COMMA = YES;
				CLANG_WARN_CONSTANT_CONVERSION = YES;
				CLANG_WARN_DEPRECATED_OBJC_IMPLEMENTATIONS = YES;
				CLANG_WARN_DIRECT_OBJC_ISA_USAGE = YES_ERROR;
				CLANG_WARN_DOCUMENTATION_COMMENTS = YES;
				CLANG_WARN_EMPTY_BODY = YES;
				CLANG_WARN_ENUM_CONVERSION = YES;
				CLANG_WARN_INFINITE_RECURSION = YES;
				CLANG_WARN_INT_CONVERSION = YES;
				CLANG_WARN_NON_LITERAL_NULL_CONVERSION = YES;
				CLANG_WARN_OBJC_IMPLICIT_RETAIN_SELF = YES;
				CLANG_WARN_OBJC_LITERAL_CONVERSION = YES;
				CLANG_WARN_OBJC_ROOT_CLASS = YES_ERROR;
				CLANG_WARN_QUOTED_INCLUDE_IN_FRAMEWORK_HEADER = YES;
				CLANG_WARN_RANGE_LOOP_ANALYSIS = YES;
				CLANG_WARN_STRICT_PROTOTYPES = YES;
				CLANG_WARN_SUSPICIOUS_MOVE = YES;
				CLANG_WARN_UNGUARDED_AVAILABILITY = YES_AGGRESSIVE;
				CLANG_WARN_UNREACHABLE_CODE = YES;
				CLANG_WARN__DUPLICATE_METHOD_MATCH = YES;
				COPY_PHASE_STRIP = NO;
				DEBUG_INFORMATION_FORMAT = dwarf;
				ENABLE_STRICT_OBJC_MSGSEND = YES;
				ENABLE_TESTABILITY = YES;
				ENABLE_USER_SCRIPT_SANDBOXING = YES;
				GCC_C_LANGUAGE_STANDARD = gnu17;
				GCC_DYNAMIC_NO_PIC = NO;
				GCC_NO_COMMON_BLOCKS = YES;
				GCC_OPTIMIZATION_LEVEL = 0;
				GCC_PREPROCESSOR_DEFINITIONS = (
					"DEBUG=1",
					"$(inherited)",
				);
				GCC_WARN_64_TO_32_BIT_CONVERSION = YES;
				GCC_WARN_ABOUT_RETURN_TYPE = YES_ERROR;
				GCC_WARN_UNDECLARED_SELECTOR = YES;
				GCC_WARN_UNINITIALIZED_AUTOS = YES_AGGRESSIVE;
				GCC_WARN_UNUSED_FUNCTION = YES;
				GCC_WARN_UNUSED_VARIABLE = YES;
				IPHONEOS_DEPLOYMENT_TARGET = 17.2;
				LOCALIZATION_PREFERS_STRING_CATALOGS = YES;
				MTL_ENABLE_DEBUG_INFO = INCLUDE_SOURCE;
				MTL_FAST_MATH = YES;
				ONLY_ACTIVE_ARCH = YES;
				SDKROOT = iphoneos;
				SWIFT_ACTIVE_COMPILATION_CONDITIONS = "DEBUG $(inherited)";
				SWIFT_OPTIMIZATION_LEVEL = "-Onone";
			};
			name = Debug;
		};
		16E3F0962B791C9D00ACB6B8 /* Release */ = {
			isa = XCBuildConfiguration;
			buildSettings = {
				ALWAYS_SEARCH_USER_PATHS = NO;
				ASSETCATALOG_COMPILER_GENERATE_SWIFT_ASSET_SYMBOL_EXTENSIONS = YES;
				CLANG_ANALYZER_NONNULL = YES;
				CLANG_ANALYZER_NUMBER_OBJECT_CONVERSION = YES_AGGRESSIVE;
				CLANG_CXX_LANGUAGE_STANDARD = "gnu++20";
				CLANG_ENABLE_MODULES = YES;
				CLANG_ENABLE_OBJC_ARC = YES;
				CLANG_ENABLE_OBJC_WEAK = YES;
				CLANG_WARN_BLOCK_CAPTURE_AUTORELEASING = YES;
				CLANG_WARN_BOOL_CONVERSION = YES;
				CLANG_WARN_COMMA = YES;
				CLANG_WARN_CONSTANT_CONVERSION = YES;
				CLANG_WARN_DEPRECATED_OBJC_IMPLEMENTATIONS = YES;
				CLANG_WARN_DIRECT_OBJC_ISA_USAGE = YES_ERROR;
				CLANG_WARN_DOCUMENTATION_COMMENTS = YES;
				CLANG_WARN_EMPTY_BODY = YES;
				CLANG_WARN_ENUM_CONVERSION = YES;
				CLANG_WARN_INFINITE_RECURSION = YES;
				CLANG_WARN_INT_CONVERSION = YES;
				CLANG_WARN_NON_LITERAL_NULL_CONVERSION = YES;
				CLANG_WARN_OBJC_IMPLICIT_RETAIN_SELF = YES;
				CLANG_WARN_OBJC_LITERAL_CONVERSION = YES;
				CLANG_WARN_OBJC_ROOT_CLASS = YES_ERROR;
				CLANG_WARN_QUOTED_INCLUDE_IN_FRAMEWORK_HEADER = YES;
				CLANG_WARN_RANGE_LOOP_ANALYSIS = YES;
				CLANG_WARN_STRICT_PROTOTYPES = YES;
				CLANG_WARN_SUSPICIOUS_MOVE = YES;
				CLANG_WARN_UNGUARDED_AVAILABILITY = YES_AGGRESSIVE;
				CLANG_WARN_UNREACHABLE_CODE = YES;
				CLANG_WARN__DUPLICATE_METHOD_MATCH = YES;
				COPY_PHASE_STRIP = NO;
				DEBUG_INFORMATION_FORMAT = "dwarf-with-dsym";
				ENABLE_NS_ASSERTIONS = NO;
				ENABLE_STRICT_OBJC_MSGSEND = YES;
				ENABLE_USER_SCRIPT_SANDBOXING = YES;
				GCC_C_LANGUAGE_STANDARD = gnu17;
				GCC_NO_COMMON_BLOCKS = YES;
				GCC_WARN_64_TO_32_BIT_CONVERSION = YES;
				GCC_WARN_ABOUT_RETURN_TYPE = YES_ERROR;
				GCC_WARN_UNDECLARED_SELECTOR = YES;
				GCC_WARN_UNINITIALIZED_AUTOS = YES_AGGRESSIVE;
				GCC_WARN_UNUSED_FUNCTION = YES;
				GCC_WARN_UNUSED_VARIABLE = YES;
				IPHONEOS_DEPLOYMENT_TARGET = 17.2;
				LOCALIZATION_PREFERS_STRING_CATALOGS = YES;
				MTL_ENABLE_DEBUG_INFO = NO;
				MTL_FAST_MATH = YES;
				SDKROOT = iphoneos;
				SWIFT_COMPILATION_MODE = wholemodule;
				VALIDATE_PRODUCT = YES;
			};
			name = Release;
		};
		16E3F0982B791C9D00ACB6B8 /* Debug */ = {
			isa = XCBuildConfiguration;
			buildSettings = {
				ASSETCATALOG_COMPILER_APPICON_NAME = AppIcon;
				ASSETCATALOG_COMPILER_GLOBAL_ACCENT_COLOR_NAME = AccentColor;
				CODE_SIGN_STYLE = Automatic;
				CURRENT_PROJECT_VERSION = 1;
				ENABLE_USER_SCRIPT_SANDBOXING = NO;
				GENERATE_INFOPLIST_FILE = YES;
				INFOPLIST_FILE = CryptoPrice/App/Info.plist;
				INFOPLIST_KEY_UIApplicationSupportsIndirectInputEvents = YES;
				INFOPLIST_KEY_UILaunchStoryboardName = LaunchScreen;
				INFOPLIST_KEY_UIMainStoryboardFile = "";
				INFOPLIST_KEY_UISupportedInterfaceOrientations_iPad = "UIInterfaceOrientationPortrait UIInterfaceOrientationPortraitUpsideDown UIInterfaceOrientationLandscapeLeft UIInterfaceOrientationLandscapeRight";
				INFOPLIST_KEY_UISupportedInterfaceOrientations_iPhone = "UIInterfaceOrientationPortrait UIInterfaceOrientationLandscapeLeft UIInterfaceOrientationLandscapeRight";
				LD_RUNPATH_SEARCH_PATHS = (
					"$(inherited)",
					"@executable_path/Frameworks",
				);
				MARKETING_VERSION = 1.0;
				PRODUCT_BUNDLE_IDENTIFIER = com.abin.CryptoPrice;
				PRODUCT_NAME = "$(TARGET_NAME)";
				SWIFT_EMIT_LOC_STRINGS = YES;
				SWIFT_VERSION = 5.0;
				TARGETED_DEVICE_FAMILY = "1,2";
			};
			name = Debug;
		};
		16E3F0992B791C9D00ACB6B8 /* Release */ = {
			isa = XCBuildConfiguration;
			buildSettings = {
				ASSETCATALOG_COMPILER_APPICON_NAME = AppIcon;
				ASSETCATALOG_COMPILER_GLOBAL_ACCENT_COLOR_NAME = AccentColor;
				CODE_SIGN_STYLE = Automatic;
				CURRENT_PROJECT_VERSION = 1;
				ENABLE_USER_SCRIPT_SANDBOXING = NO;
				GENERATE_INFOPLIST_FILE = YES;
				INFOPLIST_FILE = CryptoPrice/App/Info.plist;
				INFOPLIST_KEY_UIApplicationSupportsIndirectInputEvents = YES;
				INFOPLIST_KEY_UILaunchStoryboardName = LaunchScreen;
				INFOPLIST_KEY_UIMainStoryboardFile = "";
				INFOPLIST_KEY_UISupportedInterfaceOrientations_iPad = "UIInterfaceOrientationPortrait UIInterfaceOrientationPortraitUpsideDown UIInterfaceOrientationLandscapeLeft UIInterfaceOrientationLandscapeRight";
				INFOPLIST_KEY_UISupportedInterfaceOrientations_iPhone = "UIInterfaceOrientationPortrait UIInterfaceOrientationLandscapeLeft UIInterfaceOrientationLandscapeRight";
				LD_RUNPATH_SEARCH_PATHS = (
					"$(inherited)",
					"@executable_path/Frameworks",
				);
				MARKETING_VERSION = 1.0;
				PRODUCT_BUNDLE_IDENTIFIER = com.abin.CryptoPrice;
				PRODUCT_NAME = "$(TARGET_NAME)";
				SWIFT_EMIT_LOC_STRINGS = YES;
				SWIFT_VERSION = 5.0;
				TARGETED_DEVICE_FAMILY = "1,2";
			};
			name = Release;
		};
		16E3F09B2B791C9D00ACB6B8 /* Debug */ = {
			isa = XCBuildConfiguration;
			buildSettings = {
				ALWAYS_EMBED_SWIFT_STANDARD_LIBRARIES = YES;
				BUNDLE_LOADER = "$(TEST_HOST)";
				CODE_SIGN_STYLE = Automatic;
				CURRENT_PROJECT_VERSION = 1;
				GENERATE_INFOPLIST_FILE = YES;
				IPHONEOS_DEPLOYMENT_TARGET = 17.2;
				MARKETING_VERSION = 1.0;
				PRODUCT_BUNDLE_IDENTIFIER = com.abin.CryptoPriceTests;
				PRODUCT_NAME = "$(TARGET_NAME)";
				SWIFT_EMIT_LOC_STRINGS = NO;
				SWIFT_VERSION = 5.0;
				TARGETED_DEVICE_FAMILY = "1,2";
				TEST_HOST = "$(BUILT_PRODUCTS_DIR)/CryptoPrice.app/$(BUNDLE_EXECUTABLE_FOLDER_PATH)/CryptoPrice";
			};
			name = Debug;
		};
		16E3F09C2B791C9D00ACB6B8 /* Release */ = {
			isa = XCBuildConfiguration;
			buildSettings = {
				ALWAYS_EMBED_SWIFT_STANDARD_LIBRARIES = YES;
				BUNDLE_LOADER = "$(TEST_HOST)";
				CODE_SIGN_STYLE = Automatic;
				CURRENT_PROJECT_VERSION = 1;
				GENERATE_INFOPLIST_FILE = YES;
				IPHONEOS_DEPLOYMENT_TARGET = 17.2;
				MARKETING_VERSION = 1.0;
				PRODUCT_BUNDLE_IDENTIFIER = com.abin.CryptoPriceTests;
				PRODUCT_NAME = "$(TARGET_NAME)";
				SWIFT_EMIT_LOC_STRINGS = NO;
				SWIFT_VERSION = 5.0;
				TARGETED_DEVICE_FAMILY = "1,2";
				TEST_HOST = "$(BUILT_PRODUCTS_DIR)/CryptoPrice.app/$(BUNDLE_EXECUTABLE_FOLDER_PATH)/CryptoPrice";
			};
			name = Release;
		};
		16E3F09E2B791C9D00ACB6B8 /* Debug */ = {
			isa = XCBuildConfiguration;
			buildSettings = {
				ALWAYS_EMBED_SWIFT_STANDARD_LIBRARIES = YES;
				CODE_SIGN_STYLE = Automatic;
				CURRENT_PROJECT_VERSION = 1;
				GENERATE_INFOPLIST_FILE = YES;
				MARKETING_VERSION = 1.0;
				PRODUCT_BUNDLE_IDENTIFIER = com.abin.CryptoPriceUITests;
				PRODUCT_NAME = "$(TARGET_NAME)";
				SWIFT_EMIT_LOC_STRINGS = NO;
				SWIFT_VERSION = 5.0;
				TARGETED_DEVICE_FAMILY = "1,2";
				TEST_TARGET_NAME = CryptoPrice;
			};
			name = Debug;
		};
		16E3F09F2B791C9D00ACB6B8 /* Release */ = {
			isa = XCBuildConfiguration;
			buildSettings = {
				ALWAYS_EMBED_SWIFT_STANDARD_LIBRARIES = YES;
				CODE_SIGN_STYLE = Automatic;
				CURRENT_PROJECT_VERSION = 1;
				GENERATE_INFOPLIST_FILE = YES;
				MARKETING_VERSION = 1.0;
				PRODUCT_BUNDLE_IDENTIFIER = com.abin.CryptoPriceUITests;
				PRODUCT_NAME = "$(TARGET_NAME)";
				SWIFT_EMIT_LOC_STRINGS = NO;
				SWIFT_VERSION = 5.0;
				TARGETED_DEVICE_FAMILY = "1,2";
				TEST_TARGET_NAME = CryptoPrice;
			};
			name = Release;
		};
/* End XCBuildConfiguration section */

/* Begin XCConfigurationList section */
		16E3F0682B791C9B00ACB6B8 /* Build configuration list for PBXProject "CryptoPrice" */ = {
			isa = XCConfigurationList;
			buildConfigurations = (
				16E3F0952B791C9D00ACB6B8 /* Debug */,
				16E3F0962B791C9D00ACB6B8 /* Release */,
			);
			defaultConfigurationIsVisible = 0;
			defaultConfigurationName = Release;
		};
		16E3F0972B791C9D00ACB6B8 /* Build configuration list for PBXNativeTarget "CryptoPrice" */ = {
			isa = XCConfigurationList;
			buildConfigurations = (
				16E3F0982B791C9D00ACB6B8 /* Debug */,
				16E3F0992B791C9D00ACB6B8 /* Release */,
			);
			defaultConfigurationIsVisible = 0;
			defaultConfigurationName = Release;
		};
		16E3F09A2B791C9D00ACB6B8 /* Build configuration list for PBXNativeTarget "CryptoPriceTests" */ = {
			isa = XCConfigurationList;
			buildConfigurations = (
				16E3F09B2B791C9D00ACB6B8 /* Debug */,
				16E3F09C2B791C9D00ACB6B8 /* Release */,
			);
			defaultConfigurationIsVisible = 0;
			defaultConfigurationName = Release;
		};
		16E3F09D2B791C9D00ACB6B8 /* Build configuration list for PBXNativeTarget "CryptoPriceUITests" */ = {
			isa = XCConfigurationList;
			buildConfigurations = (
				16E3F09E2B791C9D00ACB6B8 /* Debug */,
				16E3F09F2B791C9D00ACB6B8 /* Release */,
			);
			defaultConfigurationIsVisible = 0;
			defaultConfigurationName = Release;
		};
/* End XCConfigurationList section */

/* Begin XCRemoteSwiftPackageReference section */
		16E3F11D2B791E2B00ACB6B8 /* XCRemoteSwiftPackageReference "Swinject" */ = {
			isa = XCRemoteSwiftPackageReference;
			repositoryURL = "https://github.com/Swinject/Swinject";
			requirement = {
				kind = upToNextMajorVersion;
				minimumVersion = 2.8.4;
			};
		};
/* End XCRemoteSwiftPackageReference section */

/* Begin XCSwiftPackageProductDependency section */
		16E3F11E2B791E2B00ACB6B8 /* Swinject */ = {
			isa = XCSwiftPackageProductDependency;
			package = 16E3F11D2B791E2B00ACB6B8 /* XCRemoteSwiftPackageReference "Swinject" */;
			productName = Swinject;
		};
/* End XCSwiftPackageProductDependency section */
	};
	rootObject = 16E3F0652B791C9B00ACB6B8 /* Project object */;
}
